// !$*UTF8*$!
{
	archiveVersion = 1;
	classes = {
	};
	objectVersion = 46;
	objects = {

/* Begin PBXBuildFile section */
		0204CB4A1E4FD6EE004AC3BE /* Observable.swift in Sources */ = {isa = PBXBuildFile; fileRef = 0204CB491E4FD6EE004AC3BE /* Observable.swift */; };
		0204CB4E1E4FD7B9004AC3BE /* Forward.swift in Sources */ = {isa = PBXBuildFile; fileRef = 0204CB4D1E4FD7B9004AC3BE /* Forward.swift */; };
		0204CB4F1E4FD7F1004AC3BE /* Observable.swift in Sources */ = {isa = PBXBuildFile; fileRef = 0204CB491E4FD6EE004AC3BE /* Observable.swift */; };
		0204CB511E4FD7F1004AC3BE /* Forward.swift in Sources */ = {isa = PBXBuildFile; fileRef = 0204CB4D1E4FD7B9004AC3BE /* Forward.swift */; };
		0204CB521E4FD7F8004AC3BE /* Observable.swift in Sources */ = {isa = PBXBuildFile; fileRef = 0204CB491E4FD6EE004AC3BE /* Observable.swift */; };
		0204CB541E4FD7F8004AC3BE /* Forward.swift in Sources */ = {isa = PBXBuildFile; fileRef = 0204CB4D1E4FD7B9004AC3BE /* Forward.swift */; };
		0204CB551E4FD7FE004AC3BE /* Observable.swift in Sources */ = {isa = PBXBuildFile; fileRef = 0204CB491E4FD6EE004AC3BE /* Observable.swift */; };
		0204CB571E4FD7FE004AC3BE /* Forward.swift in Sources */ = {isa = PBXBuildFile; fileRef = 0204CB4D1E4FD7B9004AC3BE /* Forward.swift */; };
		0204CB5D1E518655004AC3BE /* ModifierObservable.swift in Sources */ = {isa = PBXBuildFile; fileRef = 0204CB5C1E518655004AC3BE /* ModifierObservable.swift */; };
		0204CB611E52559C004AC3BE /* MapModifier.swift in Sources */ = {isa = PBXBuildFile; fileRef = 0204CB601E52559C004AC3BE /* MapModifier.swift */; };
		0204CB631E525698004AC3BE /* ThenModifier.swift in Sources */ = {isa = PBXBuildFile; fileRef = 0204CB621E525698004AC3BE /* ThenModifier.swift */; };
		0204CB651E5257BB004AC3BE /* FilterModifier.swift in Sources */ = {isa = PBXBuildFile; fileRef = 0204CB641E5257BB004AC3BE /* FilterModifier.swift */; };
		0204CB681E525848004AC3BE /* Dispatch.swift in Sources */ = {isa = PBXBuildFile; fileRef = 0204CB671E525848004AC3BE /* Dispatch.swift */; };
		0204CB6A1E526E9F004AC3BE /* Property.swift in Sources */ = {isa = PBXBuildFile; fileRef = 0204CB691E526E9F004AC3BE /* Property.swift */; };
		02195C131E52D6E5002B9EA2 /* AnyObserver.swift in Sources */ = {isa = PBXBuildFile; fileRef = 02195C121E52D6E5002B9EA2 /* AnyObserver.swift */; };
		02195C171E54FA8D002B9EA2 /* InstanceFunction.swift in Sources */ = {isa = PBXBuildFile; fileRef = 02195C161E54FA8D002B9EA2 /* InstanceFunction.swift */; };
		021F95C61E669C0600A260FA /* DispatchTests.swift in Sources */ = {isa = PBXBuildFile; fileRef = 021F95C51E669C0600A260FA /* DispatchTests.swift */; };
		021F95C71E669C0600A260FA /* DispatchTests.swift in Sources */ = {isa = PBXBuildFile; fileRef = 021F95C51E669C0600A260FA /* DispatchTests.swift */; };
		021F95C81E669C0600A260FA /* DispatchTests.swift in Sources */ = {isa = PBXBuildFile; fileRef = 021F95C51E669C0600A260FA /* DispatchTests.swift */; };
		0236C3AB1E62D956003AD795 /* Signal.swift in Sources */ = {isa = PBXBuildFile; fileRef = 0236C3AA1E62D956003AD795 /* Signal.swift */; };
		02389DD01E5C0BBA00A45D54 /* ObservableCollection.swift in Sources */ = {isa = PBXBuildFile; fileRef = 023F6FEE1E5B8B1E00181868 /* ObservableCollection.swift */; };
		02389DD11E5C0BC000A45D54 /* ObservableCollection.swift in Sources */ = {isa = PBXBuildFile; fileRef = 023F6FEE1E5B8B1E00181868 /* ObservableCollection.swift */; };
		02389DD21E5C0BC800A45D54 /* ObservableCollection.swift in Sources */ = {isa = PBXBuildFile; fileRef = 023F6FEE1E5B8B1E00181868 /* ObservableCollection.swift */; };
		023F6FEF1E5B8B1E00181868 /* ObservableCollection.swift in Sources */ = {isa = PBXBuildFile; fileRef = 023F6FEE1E5B8B1E00181868 /* ObservableCollection.swift */; };
		024535B71E5ABF25006DA1DB /* PropertyTests.swift in Sources */ = {isa = PBXBuildFile; fileRef = 024535B51E5ABEE5006DA1DB /* PropertyTests.swift */; };
		024535B81E5ABF2C006DA1DB /* PropertyTests.swift in Sources */ = {isa = PBXBuildFile; fileRef = 024535B51E5ABEE5006DA1DB /* PropertyTests.swift */; };
		024535B91E5ABF33006DA1DB /* PropertyTests.swift in Sources */ = {isa = PBXBuildFile; fileRef = 024535B51E5ABEE5006DA1DB /* PropertyTests.swift */; };
		0252F2EF1E5EB4FB009F48D5 /* ModifierType.swift in Sources */ = {isa = PBXBuildFile; fileRef = 0252F2EE1E5EB4FB009F48D5 /* ModifierType.swift */; };
		0252F2F01E5EBF57009F48D5 /* ModifierType.swift in Sources */ = {isa = PBXBuildFile; fileRef = 0252F2EE1E5EB4FB009F48D5 /* ModifierType.swift */; };
		0252F2F11E5EBF5B009F48D5 /* ModifierType.swift in Sources */ = {isa = PBXBuildFile; fileRef = 0252F2EE1E5EB4FB009F48D5 /* ModifierType.swift */; };
		0252F2F21E5EBF60009F48D5 /* ModifierType.swift in Sources */ = {isa = PBXBuildFile; fileRef = 0252F2EE1E5EB4FB009F48D5 /* ModifierType.swift */; };
		025C2C411D57817100397638 /* SwiftySignals.framework in Frameworks */ = {isa = PBXBuildFile; fileRef = 025C2C371D57817000397638 /* SwiftySignals.framework */; };
		025C2C631D57836900397638 /* SwiftySignals.framework in Frameworks */ = {isa = PBXBuildFile; fileRef = 025C2C591D57836900397638 /* SwiftySignals.framework */; };
		028115411D87C212008B1A97 /* SwiftySignals.h in Headers */ = {isa = PBXBuildFile; fileRef = 021A7D981D87BD3100DCAFD2 /* SwiftySignals.h */; settings = {ATTRIBUTES = (Public, ); }; };
		028115421D87C217008B1A97 /* SwiftySignals.h in Headers */ = {isa = PBXBuildFile; fileRef = 021A7D981D87BD3100DCAFD2 /* SwiftySignals.h */; settings = {ATTRIBUTES = (Public, ); }; };
		028115431D87C21A008B1A97 /* SwiftySignals.h in Headers */ = {isa = PBXBuildFile; fileRef = 021A7D981D87BD3100DCAFD2 /* SwiftySignals.h */; settings = {ATTRIBUTES = (Public, ); }; };
		028115441D87C21E008B1A97 /* SwiftySignals.h in Headers */ = {isa = PBXBuildFile; fileRef = 021A7D981D87BD3100DCAFD2 /* SwiftySignals.h */; settings = {ATTRIBUTES = (Public, ); }; };
		0299FDCF1E4FCFE20078A602 /* ObservableType.swift in Sources */ = {isa = PBXBuildFile; fileRef = 0299FDCE1E4FCFE20078A602 /* ObservableType.swift */; };
		0299FDD11E4FCFEF0078A602 /* ObserverType.swift in Sources */ = {isa = PBXBuildFile; fileRef = 0299FDD01E4FCFEF0078A602 /* ObserverType.swift */; };
		0299FDD41E4FD18C0078A602 /* ObservableType.swift in Sources */ = {isa = PBXBuildFile; fileRef = 0299FDCE1E4FCFE20078A602 /* ObservableType.swift */; };
		0299FDD51E4FD18C0078A602 /* ObserverType.swift in Sources */ = {isa = PBXBuildFile; fileRef = 0299FDD01E4FCFEF0078A602 /* ObserverType.swift */; };
		0299FDD81E4FD1930078A602 /* ObservableType.swift in Sources */ = {isa = PBXBuildFile; fileRef = 0299FDCE1E4FCFE20078A602 /* ObservableType.swift */; };
		0299FDD91E4FD1930078A602 /* ObserverType.swift in Sources */ = {isa = PBXBuildFile; fileRef = 0299FDD01E4FCFEF0078A602 /* ObserverType.swift */; };
		0299FDDC1E4FD1990078A602 /* ObservableType.swift in Sources */ = {isa = PBXBuildFile; fileRef = 0299FDCE1E4FCFE20078A602 /* ObservableType.swift */; };
		0299FDDD1E4FD1990078A602 /* ObserverType.swift in Sources */ = {isa = PBXBuildFile; fileRef = 0299FDD01E4FCFEF0078A602 /* ObserverType.swift */; };
		029D333F1D53A0EE00002059 /* SwiftySignals.framework in Frameworks */ = {isa = PBXBuildFile; fileRef = 029D33341D53A0ED00002059 /* SwiftySignals.framework */; };
		029D8EAD1E55855700C2900D /* EndPoint.swift in Sources */ = {isa = PBXBuildFile; fileRef = 029D8EAC1E55855700C2900D /* EndPoint.swift */; };
		029D8EB11E56CBB500C2900D /* ModifierObservable.swift in Sources */ = {isa = PBXBuildFile; fileRef = 0204CB5C1E518655004AC3BE /* ModifierObservable.swift */; };
		029D8EB21E56CBB500C2900D /* MapModifier.swift in Sources */ = {isa = PBXBuildFile; fileRef = 0204CB601E52559C004AC3BE /* MapModifier.swift */; };
		029D8EB31E56CBB500C2900D /* ThenModifier.swift in Sources */ = {isa = PBXBuildFile; fileRef = 0204CB621E525698004AC3BE /* ThenModifier.swift */; };
		029D8EB41E56CBB500C2900D /* FilterModifier.swift in Sources */ = {isa = PBXBuildFile; fileRef = 0204CB641E5257BB004AC3BE /* FilterModifier.swift */; };
		029D8EB51E56CBB500C2900D /* Dispatch.swift in Sources */ = {isa = PBXBuildFile; fileRef = 0204CB671E525848004AC3BE /* Dispatch.swift */; };
		029D8EB61E56CBB500C2900D /* Property.swift in Sources */ = {isa = PBXBuildFile; fileRef = 0204CB691E526E9F004AC3BE /* Property.swift */; };
		029D8EB71E56CBB500C2900D /* AnyObserver.swift in Sources */ = {isa = PBXBuildFile; fileRef = 02195C121E52D6E5002B9EA2 /* AnyObserver.swift */; };
		029D8EB81E56CBB500C2900D /* InstanceFunction.swift in Sources */ = {isa = PBXBuildFile; fileRef = 02195C161E54FA8D002B9EA2 /* InstanceFunction.swift */; };
		029D8EB91E56CBB500C2900D /* EndPoint.swift in Sources */ = {isa = PBXBuildFile; fileRef = 029D8EAC1E55855700C2900D /* EndPoint.swift */; };
		029D8EBB1E56CBC100C2900D /* ModifierObservable.swift in Sources */ = {isa = PBXBuildFile; fileRef = 0204CB5C1E518655004AC3BE /* ModifierObservable.swift */; };
		029D8EBC1E56CBC100C2900D /* MapModifier.swift in Sources */ = {isa = PBXBuildFile; fileRef = 0204CB601E52559C004AC3BE /* MapModifier.swift */; };
		029D8EBD1E56CBC100C2900D /* ThenModifier.swift in Sources */ = {isa = PBXBuildFile; fileRef = 0204CB621E525698004AC3BE /* ThenModifier.swift */; };
		029D8EBE1E56CBC100C2900D /* FilterModifier.swift in Sources */ = {isa = PBXBuildFile; fileRef = 0204CB641E5257BB004AC3BE /* FilterModifier.swift */; };
		029D8EBF1E56CBC100C2900D /* Dispatch.swift in Sources */ = {isa = PBXBuildFile; fileRef = 0204CB671E525848004AC3BE /* Dispatch.swift */; };
		029D8EC01E56CBC100C2900D /* Property.swift in Sources */ = {isa = PBXBuildFile; fileRef = 0204CB691E526E9F004AC3BE /* Property.swift */; };
		029D8EC11E56CBC100C2900D /* AnyObserver.swift in Sources */ = {isa = PBXBuildFile; fileRef = 02195C121E52D6E5002B9EA2 /* AnyObserver.swift */; };
		029D8EC21E56CBC100C2900D /* InstanceFunction.swift in Sources */ = {isa = PBXBuildFile; fileRef = 02195C161E54FA8D002B9EA2 /* InstanceFunction.swift */; };
		029D8EC31E56CBC100C2900D /* EndPoint.swift in Sources */ = {isa = PBXBuildFile; fileRef = 029D8EAC1E55855700C2900D /* EndPoint.swift */; };
		029D8EC51E56CBC700C2900D /* ModifierObservable.swift in Sources */ = {isa = PBXBuildFile; fileRef = 0204CB5C1E518655004AC3BE /* ModifierObservable.swift */; };
		029D8EC61E56CBC700C2900D /* MapModifier.swift in Sources */ = {isa = PBXBuildFile; fileRef = 0204CB601E52559C004AC3BE /* MapModifier.swift */; };
		029D8EC71E56CBC700C2900D /* ThenModifier.swift in Sources */ = {isa = PBXBuildFile; fileRef = 0204CB621E525698004AC3BE /* ThenModifier.swift */; };
		029D8EC81E56CBC700C2900D /* FilterModifier.swift in Sources */ = {isa = PBXBuildFile; fileRef = 0204CB641E5257BB004AC3BE /* FilterModifier.swift */; };
		029D8EC91E56CBC700C2900D /* Dispatch.swift in Sources */ = {isa = PBXBuildFile; fileRef = 0204CB671E525848004AC3BE /* Dispatch.swift */; };
		029D8ECA1E56CBC700C2900D /* Property.swift in Sources */ = {isa = PBXBuildFile; fileRef = 0204CB691E526E9F004AC3BE /* Property.swift */; };
		029D8ECB1E56CBC700C2900D /* AnyObserver.swift in Sources */ = {isa = PBXBuildFile; fileRef = 02195C121E52D6E5002B9EA2 /* AnyObserver.swift */; };
		029D8ECC1E56CBC700C2900D /* InstanceFunction.swift in Sources */ = {isa = PBXBuildFile; fileRef = 02195C161E54FA8D002B9EA2 /* InstanceFunction.swift */; };
		029D8ECD1E56CBC700C2900D /* EndPoint.swift in Sources */ = {isa = PBXBuildFile; fileRef = 029D8EAC1E55855700C2900D /* EndPoint.swift */; };
		02ADEC541E6CB8D00087A946 /* OwnerType.swift in Sources */ = {isa = PBXBuildFile; fileRef = 02ADEC531E6CB8D00087A946 /* OwnerType.swift */; };
		02B750C61E5E36E100DD8F3E /* ObservableSync.swift in Sources */ = {isa = PBXBuildFile; fileRef = 02B750C51E5E36E100DD8F3E /* ObservableSync.swift */; };
		02B750C71E5E36E100DD8F3E /* ObservableSync.swift in Sources */ = {isa = PBXBuildFile; fileRef = 02B750C51E5E36E100DD8F3E /* ObservableSync.swift */; };
		02B750C81E5E36E100DD8F3E /* ObservableSync.swift in Sources */ = {isa = PBXBuildFile; fileRef = 02B750C51E5E36E100DD8F3E /* ObservableSync.swift */; };
		02B750C91E5E36E100DD8F3E /* ObservableSync.swift in Sources */ = {isa = PBXBuildFile; fileRef = 02B750C51E5E36E100DD8F3E /* ObservableSync.swift */; };
		02CA68D71E637A78006518D6 /* WeakObserverRef.swift in Sources */ = {isa = PBXBuildFile; fileRef = 02CA68D61E637A78006518D6 /* WeakObserverRef.swift */; };
		02CA68D81E6388F0006518D6 /* WeakObserverRef.swift in Sources */ = {isa = PBXBuildFile; fileRef = 02CA68D61E637A78006518D6 /* WeakObserverRef.swift */; };
		02CA68D91E6388F0006518D6 /* Signal.swift in Sources */ = {isa = PBXBuildFile; fileRef = 0236C3AA1E62D956003AD795 /* Signal.swift */; };
		02CA68DA1E6388F6006518D6 /* WeakObserverRef.swift in Sources */ = {isa = PBXBuildFile; fileRef = 02CA68D61E637A78006518D6 /* WeakObserverRef.swift */; };
		02CA68DB1E6388F6006518D6 /* Signal.swift in Sources */ = {isa = PBXBuildFile; fileRef = 0236C3AA1E62D956003AD795 /* Signal.swift */; };
		02CA68DC1E6388FC006518D6 /* WeakObserverRef.swift in Sources */ = {isa = PBXBuildFile; fileRef = 02CA68D61E637A78006518D6 /* WeakObserverRef.swift */; };
		02CA68DD1E6388FC006518D6 /* Signal.swift in Sources */ = {isa = PBXBuildFile; fileRef = 0236C3AA1E62D956003AD795 /* Signal.swift */; };
		02D272191E6B6D0500286843 /* DebounceTests.swift in Sources */ = {isa = PBXBuildFile; fileRef = 02D272181E6B6D0500286843 /* DebounceTests.swift */; };
		02D2721A1E6B6D0500286843 /* DebounceTests.swift in Sources */ = {isa = PBXBuildFile; fileRef = 02D272181E6B6D0500286843 /* DebounceTests.swift */; };
		02D2721B1E6B6D0500286843 /* DebounceTests.swift in Sources */ = {isa = PBXBuildFile; fileRef = 02D272181E6B6D0500286843 /* DebounceTests.swift */; };
		02D2721D1E6B6D1B00286843 /* DebounceModifier.swift in Sources */ = {isa = PBXBuildFile; fileRef = 02D2721C1E6B6D1B00286843 /* DebounceModifier.swift */; };
		02D2721E1E6B6D1B00286843 /* DebounceModifier.swift in Sources */ = {isa = PBXBuildFile; fileRef = 02D2721C1E6B6D1B00286843 /* DebounceModifier.swift */; };
		02D2721F1E6B6D1B00286843 /* DebounceModifier.swift in Sources */ = {isa = PBXBuildFile; fileRef = 02D2721C1E6B6D1B00286843 /* DebounceModifier.swift */; };
		02D272201E6B6D1B00286843 /* DebounceModifier.swift in Sources */ = {isa = PBXBuildFile; fileRef = 02D2721C1E6B6D1B00286843 /* DebounceModifier.swift */; };
		02D644C41E64ADB5000C8A30 /* DiscardModifier.swift in Sources */ = {isa = PBXBuildFile; fileRef = 02D644C31E64ADB5000C8A30 /* DiscardModifier.swift */; };
		02D644C51E64ADB5000C8A30 /* DiscardModifier.swift in Sources */ = {isa = PBXBuildFile; fileRef = 02D644C31E64ADB5000C8A30 /* DiscardModifier.swift */; };
		02D644C61E64ADB5000C8A30 /* DiscardModifier.swift in Sources */ = {isa = PBXBuildFile; fileRef = 02D644C31E64ADB5000C8A30 /* DiscardModifier.swift */; };
		02D644C71E64ADB5000C8A30 /* DiscardModifier.swift in Sources */ = {isa = PBXBuildFile; fileRef = 02D644C31E64ADB5000C8A30 /* DiscardModifier.swift */; };
		02D644C91E64D9D1000C8A30 /* ThrottleModifier.swift in Sources */ = {isa = PBXBuildFile; fileRef = 02D644C81E64D9D1000C8A30 /* ThrottleModifier.swift */; };
		02D644CA1E64D9D1000C8A30 /* ThrottleModifier.swift in Sources */ = {isa = PBXBuildFile; fileRef = 02D644C81E64D9D1000C8A30 /* ThrottleModifier.swift */; };
		02D644CB1E64D9D1000C8A30 /* ThrottleModifier.swift in Sources */ = {isa = PBXBuildFile; fileRef = 02D644C81E64D9D1000C8A30 /* ThrottleModifier.swift */; };
		02D644CC1E64D9D1000C8A30 /* ThrottleModifier.swift in Sources */ = {isa = PBXBuildFile; fileRef = 02D644C81E64D9D1000C8A30 /* ThrottleModifier.swift */; };
		02DF74DB1E6B354E005F5136 /* DistinctModifier.swift in Sources */ = {isa = PBXBuildFile; fileRef = 02DF74DA1E6B354E005F5136 /* DistinctModifier.swift */; };
		02DF74DC1E6B37CE005F5136 /* DistinctModifier.swift in Sources */ = {isa = PBXBuildFile; fileRef = 02DF74DA1E6B354E005F5136 /* DistinctModifier.swift */; };
		02DF74DD1E6B37D3005F5136 /* DistinctModifier.swift in Sources */ = {isa = PBXBuildFile; fileRef = 02DF74DA1E6B354E005F5136 /* DistinctModifier.swift */; };
		02DF74DE1E6B37D8005F5136 /* DistinctModifier.swift in Sources */ = {isa = PBXBuildFile; fileRef = 02DF74DA1E6B354E005F5136 /* DistinctModifier.swift */; };
		02DF74E11E6B383A005F5136 /* DistinctModifierTests.swift in Sources */ = {isa = PBXBuildFile; fileRef = 02DF74DF1E6B3818005F5136 /* DistinctModifierTests.swift */; };
		02DF74E21E6B3840005F5136 /* DistinctModifierTests.swift in Sources */ = {isa = PBXBuildFile; fileRef = 02DF74DF1E6B3818005F5136 /* DistinctModifierTests.swift */; };
		02DF74E31E6B3845005F5136 /* DistinctModifierTests.swift in Sources */ = {isa = PBXBuildFile; fileRef = 02DF74DF1E6B3818005F5136 /* DistinctModifierTests.swift */; };
		02E2BF651E60DC17001CF696 /* TimerSignal.swift in Sources */ = {isa = PBXBuildFile; fileRef = 02E2BF631E60DC17001CF696 /* TimerSignal.swift */; };
		02E2BF661E60DC17001CF696 /* TimerSignal.swift in Sources */ = {isa = PBXBuildFile; fileRef = 02E2BF631E60DC17001CF696 /* TimerSignal.swift */; };
		02E2BF671E60DC17001CF696 /* TimerSignal.swift in Sources */ = {isa = PBXBuildFile; fileRef = 02E2BF631E60DC17001CF696 /* TimerSignal.swift */; };
		02E2BF681E60DC17001CF696 /* TimerSignal.swift in Sources */ = {isa = PBXBuildFile; fileRef = 02E2BF631E60DC17001CF696 /* TimerSignal.swift */; };
		02E2BF801E60DEE2001CF696 /* TimerSignalTests.swift in Sources */ = {isa = PBXBuildFile; fileRef = 02E2BF7C1E60DEE2001CF696 /* TimerSignalTests.swift */; };
		02E2BF811E60DEE2001CF696 /* TimerSignalTests.swift in Sources */ = {isa = PBXBuildFile; fileRef = 02E2BF7C1E60DEE2001CF696 /* TimerSignalTests.swift */; };
		02E2BF821E60DEE2001CF696 /* TimerSignalTests.swift in Sources */ = {isa = PBXBuildFile; fileRef = 02E2BF7C1E60DEE2001CF696 /* TimerSignalTests.swift */; };
/* End PBXBuildFile section */

/* Begin PBXContainerItemProxy section */
		025C2C421D57817100397638 /* PBXContainerItemProxy */ = {
			isa = PBXContainerItemProxy;
			containerPortal = 029D332B1D53A0ED00002059 /* Project object */;
			proxyType = 1;
			remoteGlobalIDString = 025C2C361D57817000397638;
			remoteInfo = SwiftySignals;
		};
		025C2C641D57836900397638 /* PBXContainerItemProxy */ = {
			isa = PBXContainerItemProxy;
			containerPortal = 029D332B1D53A0ED00002059 /* Project object */;
			proxyType = 1;
			remoteGlobalIDString = 025C2C581D57836900397638;
			remoteInfo = SwiftySignals;
		};
		029D33401D53A0EE00002059 /* PBXContainerItemProxy */ = {
			isa = PBXContainerItemProxy;
			containerPortal = 029D332B1D53A0ED00002059 /* Project object */;
			proxyType = 1;
			remoteGlobalIDString = 029D33331D53A0ED00002059;
			remoteInfo = SwiftySignals;
		};
/* End PBXContainerItemProxy section */

/* Begin PBXFileReference section */
		0204CB491E4FD6EE004AC3BE /* Observable.swift */ = {isa = PBXFileReference; fileEncoding = 4; lastKnownFileType = sourcecode.swift; name = Observable.swift; path = Sources/Observable.swift; sourceTree = SOURCE_ROOT; };
		0204CB4D1E4FD7B9004AC3BE /* Forward.swift */ = {isa = PBXFileReference; fileEncoding = 4; lastKnownFileType = sourcecode.swift; name = Forward.swift; path = Sources/Forward.swift; sourceTree = SOURCE_ROOT; };
		0204CB5C1E518655004AC3BE /* ModifierObservable.swift */ = {isa = PBXFileReference; fileEncoding = 4; lastKnownFileType = sourcecode.swift; name = ModifierObservable.swift; path = Sources/ModifierObservable.swift; sourceTree = SOURCE_ROOT; };
		0204CB601E52559C004AC3BE /* MapModifier.swift */ = {isa = PBXFileReference; fileEncoding = 4; lastKnownFileType = sourcecode.swift; name = MapModifier.swift; path = Sources/MapModifier.swift; sourceTree = SOURCE_ROOT; };
		0204CB621E525698004AC3BE /* ThenModifier.swift */ = {isa = PBXFileReference; fileEncoding = 4; lastKnownFileType = sourcecode.swift; name = ThenModifier.swift; path = Sources/ThenModifier.swift; sourceTree = SOURCE_ROOT; };
		0204CB641E5257BB004AC3BE /* FilterModifier.swift */ = {isa = PBXFileReference; fileEncoding = 4; lastKnownFileType = sourcecode.swift; name = FilterModifier.swift; path = Sources/FilterModifier.swift; sourceTree = SOURCE_ROOT; };
		0204CB671E525848004AC3BE /* Dispatch.swift */ = {isa = PBXFileReference; fileEncoding = 4; lastKnownFileType = sourcecode.swift; name = Dispatch.swift; path = Sources/Dispatch.swift; sourceTree = SOURCE_ROOT; };
		0204CB691E526E9F004AC3BE /* Property.swift */ = {isa = PBXFileReference; fileEncoding = 4; lastKnownFileType = sourcecode.swift; name = Property.swift; path = Sources/Property.swift; sourceTree = SOURCE_ROOT; };
		02195C121E52D6E5002B9EA2 /* AnyObserver.swift */ = {isa = PBXFileReference; fileEncoding = 4; lastKnownFileType = sourcecode.swift; name = AnyObserver.swift; path = Sources/AnyObserver.swift; sourceTree = SOURCE_ROOT; };
		02195C161E54FA8D002B9EA2 /* InstanceFunction.swift */ = {isa = PBXFileReference; fileEncoding = 4; lastKnownFileType = sourcecode.swift; name = InstanceFunction.swift; path = Sources/InstanceFunction.swift; sourceTree = SOURCE_ROOT; };
		021A7D981D87BD3100DCAFD2 /* SwiftySignals.h */ = {isa = PBXFileReference; fileEncoding = 4; lastKnownFileType = sourcecode.c.h; name = SwiftySignals.h; path = Sources/SwiftySignals.h; sourceTree = SOURCE_ROOT; };
		021A7DBA1D87BD4000DCAFD2 /* Info.plist */ = {isa = PBXFileReference; fileEncoding = 4; lastKnownFileType = text.plist.xml; name = Info.plist; path = Sources/Info.plist; sourceTree = SOURCE_ROOT; };
		021A7DBF1D87BD5600DCAFD2 /* Info.plist */ = {isa = PBXFileReference; fileEncoding = 4; lastKnownFileType = text.plist.xml; name = Info.plist; path = Tests/Info.plist; sourceTree = SOURCE_ROOT; };
		021F95C51E669C0600A260FA /* DispatchTests.swift */ = {isa = PBXFileReference; fileEncoding = 4; lastKnownFileType = sourcecode.swift; name = DispatchTests.swift; path = Tests/SwiftySignalsTests/DispatchTests.swift; sourceTree = SOURCE_ROOT; };
		0236C3AA1E62D956003AD795 /* Signal.swift */ = {isa = PBXFileReference; fileEncoding = 4; lastKnownFileType = sourcecode.swift; name = Signal.swift; path = Sources/Signal.swift; sourceTree = SOURCE_ROOT; };
		023F6FEE1E5B8B1E00181868 /* ObservableCollection.swift */ = {isa = PBXFileReference; fileEncoding = 4; lastKnownFileType = sourcecode.swift; name = ObservableCollection.swift; path = Sources/ObservableCollection.swift; sourceTree = SOURCE_ROOT; };
		024535B51E5ABEE5006DA1DB /* PropertyTests.swift */ = {isa = PBXFileReference; fileEncoding = 4; lastKnownFileType = sourcecode.swift; name = PropertyTests.swift; path = Tests/SwiftySignalsTests/PropertyTests.swift; sourceTree = SOURCE_ROOT; };
		0252F2EE1E5EB4FB009F48D5 /* ModifierType.swift */ = {isa = PBXFileReference; fileEncoding = 4; lastKnownFileType = sourcecode.swift; name = ModifierType.swift; path = Sources/ModifierType.swift; sourceTree = SOURCE_ROOT; };
		025C2C371D57817000397638 /* SwiftySignals.framework */ = {isa = PBXFileReference; explicitFileType = wrapper.framework; includeInIndex = 0; path = SwiftySignals.framework; sourceTree = BUILT_PRODUCTS_DIR; };
		025C2C401D57817100397638 /* SwiftySignalsTests-iOS.xctest */ = {isa = PBXFileReference; explicitFileType = wrapper.cfbundle; includeInIndex = 0; path = "SwiftySignalsTests-iOS.xctest"; sourceTree = BUILT_PRODUCTS_DIR; };
		025C2C591D57836900397638 /* SwiftySignals.framework */ = {isa = PBXFileReference; explicitFileType = wrapper.framework; includeInIndex = 0; path = SwiftySignals.framework; sourceTree = BUILT_PRODUCTS_DIR; };
		025C2C621D57836900397638 /* SwiftySignalsTests-tvOS.xctest */ = {isa = PBXFileReference; explicitFileType = wrapper.cfbundle; includeInIndex = 0; path = "SwiftySignalsTests-tvOS.xctest"; sourceTree = BUILT_PRODUCTS_DIR; };
		025C2C781D5783FA00397638 /* SwiftySignals.framework */ = {isa = PBXFileReference; explicitFileType = wrapper.framework; includeInIndex = 0; path = SwiftySignals.framework; sourceTree = BUILT_PRODUCTS_DIR; };
		0299FDCE1E4FCFE20078A602 /* ObservableType.swift */ = {isa = PBXFileReference; fileEncoding = 4; lastKnownFileType = sourcecode.swift; name = ObservableType.swift; path = Sources/ObservableType.swift; sourceTree = SOURCE_ROOT; };
		0299FDD01E4FCFEF0078A602 /* ObserverType.swift */ = {isa = PBXFileReference; fileEncoding = 4; lastKnownFileType = sourcecode.swift; name = ObserverType.swift; path = Sources/ObserverType.swift; sourceTree = SOURCE_ROOT; };
		029D33341D53A0ED00002059 /* SwiftySignals.framework */ = {isa = PBXFileReference; explicitFileType = wrapper.framework; includeInIndex = 0; path = SwiftySignals.framework; sourceTree = BUILT_PRODUCTS_DIR; };
		029D333E1D53A0EE00002059 /* SwiftySignalsTests-macOS.xctest */ = {isa = PBXFileReference; explicitFileType = wrapper.cfbundle; includeInIndex = 0; path = "SwiftySignalsTests-macOS.xctest"; sourceTree = BUILT_PRODUCTS_DIR; };
		029D8EAC1E55855700C2900D /* EndPoint.swift */ = {isa = PBXFileReference; fileEncoding = 4; lastKnownFileType = sourcecode.swift; name = EndPoint.swift; path = Sources/EndPoint.swift; sourceTree = SOURCE_ROOT; };
		02ADEC531E6CB8D00087A946 /* OwnerType.swift */ = {isa = PBXFileReference; fileEncoding = 4; lastKnownFileType = sourcecode.swift; name = OwnerType.swift; path = Sources/OwnerType.swift; sourceTree = SOURCE_ROOT; };
		02B750C51E5E36E100DD8F3E /* ObservableSync.swift */ = {isa = PBXFileReference; fileEncoding = 4; lastKnownFileType = sourcecode.swift; name = ObservableSync.swift; path = Sources/ObservableSync.swift; sourceTree = SOURCE_ROOT; };
		02CA68D61E637A78006518D6 /* WeakObserverRef.swift */ = {isa = PBXFileReference; fileEncoding = 4; lastKnownFileType = sourcecode.swift; name = WeakObserverRef.swift; path = Sources/WeakObserverRef.swift; sourceTree = SOURCE_ROOT; };
		02D272181E6B6D0500286843 /* DebounceTests.swift */ = {isa = PBXFileReference; fileEncoding = 4; lastKnownFileType = sourcecode.swift; name = DebounceTests.swift; path = Tests/SwiftySignalsTests/DebounceTests.swift; sourceTree = SOURCE_ROOT; };
		02D2721C1E6B6D1B00286843 /* DebounceModifier.swift */ = {isa = PBXFileReference; fileEncoding = 4; lastKnownFileType = sourcecode.swift; name = DebounceModifier.swift; path = Sources/DebounceModifier.swift; sourceTree = SOURCE_ROOT; };
		02D644C31E64ADB5000C8A30 /* DiscardModifier.swift */ = {isa = PBXFileReference; fileEncoding = 4; lastKnownFileType = sourcecode.swift; name = DiscardModifier.swift; path = Sources/DiscardModifier.swift; sourceTree = SOURCE_ROOT; };
		02D644C81E64D9D1000C8A30 /* ThrottleModifier.swift */ = {isa = PBXFileReference; fileEncoding = 4; lastKnownFileType = sourcecode.swift; name = ThrottleModifier.swift; path = Sources/ThrottleModifier.swift; sourceTree = SOURCE_ROOT; };
		02DF74DA1E6B354E005F5136 /* DistinctModifier.swift */ = {isa = PBXFileReference; fileEncoding = 4; lastKnownFileType = sourcecode.swift; name = DistinctModifier.swift; path = Sources/DistinctModifier.swift; sourceTree = SOURCE_ROOT; };
		02DF74DF1E6B3818005F5136 /* DistinctModifierTests.swift */ = {isa = PBXFileReference; fileEncoding = 4; lastKnownFileType = sourcecode.swift; name = DistinctModifierTests.swift; path = Tests/SwiftySignalsTests/DistinctModifierTests.swift; sourceTree = SOURCE_ROOT; };
		02E2BF631E60DC17001CF696 /* TimerSignal.swift */ = {isa = PBXFileReference; fileEncoding = 4; lastKnownFileType = sourcecode.swift; name = TimerSignal.swift; path = Sources/TimerSignal.swift; sourceTree = SOURCE_ROOT; };
		02E2BF7C1E60DEE2001CF696 /* TimerSignalTests.swift */ = {isa = PBXFileReference; fileEncoding = 4; lastKnownFileType = sourcecode.swift; name = TimerSignalTests.swift; path = Tests/SwiftySignalsTests/TimerSignalTests.swift; sourceTree = SOURCE_ROOT; };
/* End PBXFileReference section */

/* Begin PBXFrameworksBuildPhase section */
		025C2C331D57817000397638 /* Frameworks */ = {
			isa = PBXFrameworksBuildPhase;
			buildActionMask = 2147483647;
			files = (
			);
			runOnlyForDeploymentPostprocessing = 0;
		};
		025C2C3D1D57817100397638 /* Frameworks */ = {
			isa = PBXFrameworksBuildPhase;
			buildActionMask = 2147483647;
			files = (
				025C2C411D57817100397638 /* SwiftySignals.framework in Frameworks */,
			);
			runOnlyForDeploymentPostprocessing = 0;
		};
		025C2C551D57836900397638 /* Frameworks */ = {
			isa = PBXFrameworksBuildPhase;
			buildActionMask = 2147483647;
			files = (
			);
			runOnlyForDeploymentPostprocessing = 0;
		};
		025C2C5F1D57836900397638 /* Frameworks */ = {
			isa = PBXFrameworksBuildPhase;
			buildActionMask = 2147483647;
			files = (
				025C2C631D57836900397638 /* SwiftySignals.framework in Frameworks */,
			);
			runOnlyForDeploymentPostprocessing = 0;
		};
		025C2C741D5783FA00397638 /* Frameworks */ = {
			isa = PBXFrameworksBuildPhase;
			buildActionMask = 2147483647;
			files = (
			);
			runOnlyForDeploymentPostprocessing = 0;
		};
		029D33301D53A0ED00002059 /* Frameworks */ = {
			isa = PBXFrameworksBuildPhase;
			buildActionMask = 2147483647;
			files = (
			);
			runOnlyForDeploymentPostprocessing = 0;
		};
		029D333B1D53A0EE00002059 /* Frameworks */ = {
			isa = PBXFrameworksBuildPhase;
			buildActionMask = 2147483647;
			files = (
				029D333F1D53A0EE00002059 /* SwiftySignals.framework in Frameworks */,
			);
			runOnlyForDeploymentPostprocessing = 0;
		};
/* End PBXFrameworksBuildPhase section */

/* Begin PBXGroup section */
		029D332A1D53A0ED00002059 = {
			isa = PBXGroup;
			children = (
				029D33361D53A0ED00002059 /* SwiftySignals */,
				029D33421D53A0EE00002059 /* SwiftySignalsTests */,
				029D33351D53A0ED00002059 /* Products */,
			);
			sourceTree = "<group>";
		};
		029D33351D53A0ED00002059 /* Products */ = {
			isa = PBXGroup;
			children = (
				029D33341D53A0ED00002059 /* SwiftySignals.framework */,
				029D333E1D53A0EE00002059 /* SwiftySignalsTests-macOS.xctest */,
				025C2C371D57817000397638 /* SwiftySignals.framework */,
				025C2C401D57817100397638 /* SwiftySignalsTests-iOS.xctest */,
				025C2C591D57836900397638 /* SwiftySignals.framework */,
				025C2C621D57836900397638 /* SwiftySignalsTests-tvOS.xctest */,
				025C2C781D5783FA00397638 /* SwiftySignals.framework */,
			);
			name = Products;
			sourceTree = "<group>";
		};
		029D33361D53A0ED00002059 /* SwiftySignals */ = {
			isa = PBXGroup;
			children = (
				021A7DBA1D87BD4000DCAFD2 /* Info.plist */,
				021A7D981D87BD3100DCAFD2 /* SwiftySignals.h */,
				02E2BF701E60DD60001CF696 /* Core */,
				02E2BF6F1E60DD24001CF696 /* Types */,
				02E2BF6E1E60DD14001CF696 /* Modifier */,
				02E2BF6D1E60DCF9001CF696 /* Source */,
			);
			path = SwiftySignals;
			sourceTree = "<group>";
			usesTabs = 0;
		};
		029D33421D53A0EE00002059 /* SwiftySignalsTests */ = {
			isa = PBXGroup;
			children = (
				021A7DBF1D87BD5600DCAFD2 /* Info.plist */,
				02D272181E6B6D0500286843 /* DebounceTests.swift */,
				02E2BF7C1E60DEE2001CF696 /* TimerSignalTests.swift */,
				024535B51E5ABEE5006DA1DB /* PropertyTests.swift */,
				021F95C51E669C0600A260FA /* DispatchTests.swift */,
				02DF74DF1E6B3818005F5136 /* DistinctModifierTests.swift */,
			);
			path = SwiftySignalsTests;
			sourceTree = "<group>";
		};
		02E2BF6D1E60DCF9001CF696 /* Source */ = {
			isa = PBXGroup;
			children = (
				02E2BF631E60DC17001CF696 /* TimerSignal.swift */,
				0204CB691E526E9F004AC3BE /* Property.swift */,
				0236C3AA1E62D956003AD795 /* Signal.swift */,
			);
			name = Source;
			sourceTree = "<group>";
		};
		02E2BF6E1E60DD14001CF696 /* Modifier */ = {
			isa = PBXGroup;
			children = (
				02D2721C1E6B6D1B00286843 /* DebounceModifier.swift */,
				02D644C31E64ADB5000C8A30 /* DiscardModifier.swift */,
				0204CB671E525848004AC3BE /* Dispatch.swift */,
				02DF74DA1E6B354E005F5136 /* DistinctModifier.swift */,
				0204CB641E5257BB004AC3BE /* FilterModifier.swift */,
				0204CB601E52559C004AC3BE /* MapModifier.swift */,
				0204CB5C1E518655004AC3BE /* ModifierObservable.swift */,
				0204CB621E525698004AC3BE /* ThenModifier.swift */,
				02D644C81E64D9D1000C8A30 /* ThrottleModifier.swift */,
			);
			name = Modifier;
			sourceTree = "<group>";
		};
		02E2BF6F1E60DD24001CF696 /* Types */ = {
			isa = PBXGroup;
			children = (
				0252F2EE1E5EB4FB009F48D5 /* ModifierType.swift */,
				0299FDCE1E4FCFE20078A602 /* ObservableType.swift */,
				0299FDD01E4FCFEF0078A602 /* ObserverType.swift */,
				02ADEC531E6CB8D00087A946 /* OwnerType.swift */,
			);
			name = Types;
			sourceTree = "<group>";
		};
		02E2BF701E60DD60001CF696 /* Core */ = {
			isa = PBXGroup;
			children = (
				02195C121E52D6E5002B9EA2 /* AnyObserver.swift */,
				0204CB4D1E4FD7B9004AC3BE /* Forward.swift */,
				02195C161E54FA8D002B9EA2 /* InstanceFunction.swift */,
				0204CB491E4FD6EE004AC3BE /* Observable.swift */,
				023F6FEE1E5B8B1E00181868 /* ObservableCollection.swift */,
				02B750C51E5E36E100DD8F3E /* ObservableSync.swift */,
				029D8EAC1E55855700C2900D /* EndPoint.swift */,
				02CA68D61E637A78006518D6 /* WeakObserverRef.swift */,
			);
			name = Core;
			sourceTree = "<group>";
		};
/* End PBXGroup section */

/* Begin PBXHeadersBuildPhase section */
		025C2C341D57817000397638 /* Headers */ = {
			isa = PBXHeadersBuildPhase;
			buildActionMask = 2147483647;
			files = (
				028115431D87C21A008B1A97 /* SwiftySignals.h in Headers */,
			);
			runOnlyForDeploymentPostprocessing = 0;
		};
		025C2C561D57836900397638 /* Headers */ = {
			isa = PBXHeadersBuildPhase;
			buildActionMask = 2147483647;
			files = (
				028115421D87C217008B1A97 /* SwiftySignals.h in Headers */,
			);
			runOnlyForDeploymentPostprocessing = 0;
		};
		025C2C751D5783FA00397638 /* Headers */ = {
			isa = PBXHeadersBuildPhase;
			buildActionMask = 2147483647;
			files = (
				028115411D87C212008B1A97 /* SwiftySignals.h in Headers */,
			);
			runOnlyForDeploymentPostprocessing = 0;
		};
		029D33311D53A0ED00002059 /* Headers */ = {
			isa = PBXHeadersBuildPhase;
			buildActionMask = 2147483647;
			files = (
				028115441D87C21E008B1A97 /* SwiftySignals.h in Headers */,
			);
			runOnlyForDeploymentPostprocessing = 0;
		};
/* End PBXHeadersBuildPhase section */

/* Begin PBXNativeTarget section */
		025C2C361D57817000397638 /* SwiftySignals-iOS */ = {
			isa = PBXNativeTarget;
			buildConfigurationList = 025C2C481D57817100397638 /* Build configuration list for PBXNativeTarget "SwiftySignals-iOS" */;
			buildPhases = (
				025C2C321D57817000397638 /* Sources */,
				025C2C331D57817000397638 /* Frameworks */,
				025C2C341D57817000397638 /* Headers */,
				025C2C351D57817000397638 /* Resources */,
			);
			buildRules = (
			);
			dependencies = (
			);
			name = "SwiftySignals-iOS";
			productName = SwiftySignals;
			productReference = 025C2C371D57817000397638 /* SwiftySignals.framework */;
			productType = "com.apple.product-type.framework";
		};
		025C2C3F1D57817100397638 /* SwiftySignalsTests-iOS */ = {
			isa = PBXNativeTarget;
			buildConfigurationList = 025C2C4B1D57817100397638 /* Build configuration list for PBXNativeTarget "SwiftySignalsTests-iOS" */;
			buildPhases = (
				025C2C3C1D57817100397638 /* Sources */,
				025C2C3D1D57817100397638 /* Frameworks */,
				025C2C3E1D57817100397638 /* Resources */,
			);
			buildRules = (
			);
			dependencies = (
				025C2C431D57817100397638 /* PBXTargetDependency */,
			);
			name = "SwiftySignalsTests-iOS";
			productName = SwiftySignalsTests;
			productReference = 025C2C401D57817100397638 /* SwiftySignalsTests-iOS.xctest */;
			productType = "com.apple.product-type.bundle.unit-test";
		};
		025C2C581D57836900397638 /* SwiftySignals-tvOS */ = {
			isa = PBXNativeTarget;
			buildConfigurationList = 025C2C6A1D57836900397638 /* Build configuration list for PBXNativeTarget "SwiftySignals-tvOS" */;
			buildPhases = (
				025C2C541D57836900397638 /* Sources */,
				025C2C551D57836900397638 /* Frameworks */,
				025C2C561D57836900397638 /* Headers */,
				025C2C571D57836900397638 /* Resources */,
			);
			buildRules = (
			);
			dependencies = (
			);
			name = "SwiftySignals-tvOS";
			productName = SwiftySignals;
			productReference = 025C2C591D57836900397638 /* SwiftySignals.framework */;
			productType = "com.apple.product-type.framework";
		};
		025C2C611D57836900397638 /* SwiftySignalsTests-tvOS */ = {
			isa = PBXNativeTarget;
			buildConfigurationList = 025C2C6D1D57836900397638 /* Build configuration list for PBXNativeTarget "SwiftySignalsTests-tvOS" */;
			buildPhases = (
				025C2C5E1D57836900397638 /* Sources */,
				025C2C5F1D57836900397638 /* Frameworks */,
				025C2C601D57836900397638 /* Resources */,
			);
			buildRules = (
			);
			dependencies = (
				025C2C651D57836900397638 /* PBXTargetDependency */,
			);
			name = "SwiftySignalsTests-tvOS";
			productName = SwiftySignalsTests;
			productReference = 025C2C621D57836900397638 /* SwiftySignalsTests-tvOS.xctest */;
			productType = "com.apple.product-type.bundle.unit-test";
		};
		025C2C771D5783FA00397638 /* SwiftySignals-watchOS */ = {
			isa = PBXNativeTarget;
			buildConfigurationList = 025C2C7D1D5783FB00397638 /* Build configuration list for PBXNativeTarget "SwiftySignals-watchOS" */;
			buildPhases = (
				025C2C731D5783FA00397638 /* Sources */,
				025C2C741D5783FA00397638 /* Frameworks */,
				025C2C751D5783FA00397638 /* Headers */,
				025C2C761D5783FA00397638 /* Resources */,
			);
			buildRules = (
			);
			dependencies = (
			);
			name = "SwiftySignals-watchOS";
			productName = SwiftySignals;
			productReference = 025C2C781D5783FA00397638 /* SwiftySignals.framework */;
			productType = "com.apple.product-type.framework";
		};
		029D33331D53A0ED00002059 /* SwiftySignals-macOS */ = {
			isa = PBXNativeTarget;
			buildConfigurationList = 029D33481D53A0EE00002059 /* Build configuration list for PBXNativeTarget "SwiftySignals-macOS" */;
			buildPhases = (
				029D332F1D53A0ED00002059 /* Sources */,
				029D33301D53A0ED00002059 /* Frameworks */,
				029D33311D53A0ED00002059 /* Headers */,
				029D33321D53A0ED00002059 /* Resources */,
			);
			buildRules = (
			);
			dependencies = (
			);
			name = "SwiftySignals-macOS";
			productName = SwiftySignals;
			productReference = 029D33341D53A0ED00002059 /* SwiftySignals.framework */;
			productType = "com.apple.product-type.framework";
		};
		029D333D1D53A0EE00002059 /* SwiftySignalsTests-macOS */ = {
			isa = PBXNativeTarget;
			buildConfigurationList = 029D334B1D53A0EE00002059 /* Build configuration list for PBXNativeTarget "SwiftySignalsTests-macOS" */;
			buildPhases = (
				029D333A1D53A0EE00002059 /* Sources */,
				029D333B1D53A0EE00002059 /* Frameworks */,
				029D333C1D53A0EE00002059 /* Resources */,
			);
			buildRules = (
			);
			dependencies = (
				029D33411D53A0EE00002059 /* PBXTargetDependency */,
			);
			name = "SwiftySignalsTests-macOS";
			productName = SwiftySignalsTests;
			productReference = 029D333E1D53A0EE00002059 /* SwiftySignalsTests-macOS.xctest */;
			productType = "com.apple.product-type.bundle.unit-test";
		};
/* End PBXNativeTarget section */

/* Begin PBXProject section */
		029D332B1D53A0ED00002059 /* Project object */ = {
			isa = PBXProject;
			attributes = {
				LastSwiftUpdateCheck = 0730;
				LastUpgradeCheck = 0800;
				ORGANIZATIONNAME = "Patrick Sturm";
				TargetAttributes = {
					025C2C361D57817000397638 = {
						CreatedOnToolsVersion = 7.3.1;
					};
					025C2C3F1D57817100397638 = {
						CreatedOnToolsVersion = 7.3.1;
						LastSwiftMigration = 0820;
					};
					025C2C581D57836900397638 = {
						CreatedOnToolsVersion = 7.3.1;
					};
					025C2C611D57836900397638 = {
						CreatedOnToolsVersion = 7.3.1;
						LastSwiftMigration = 0820;
					};
					025C2C771D5783FA00397638 = {
						CreatedOnToolsVersion = 7.3.1;
					};
					029D33331D53A0ED00002059 = {
						CreatedOnToolsVersion = 7.3.1;
						LastSwiftMigration = 0820;
					};
					029D333D1D53A0EE00002059 = {
						CreatedOnToolsVersion = 7.3.1;
						LastSwiftMigration = 0820;
					};
				};
			};
			buildConfigurationList = 029D332E1D53A0ED00002059 /* Build configuration list for PBXProject "SwiftySignals" */;
			compatibilityVersion = "Xcode 3.2";
			developmentRegion = English;
			hasScannedForEncodings = 0;
			knownRegions = (
				en,
			);
			mainGroup = 029D332A1D53A0ED00002059;
			productRefGroup = 029D33351D53A0ED00002059 /* Products */;
			projectDirPath = "";
			projectRoot = "";
			targets = (
				029D33331D53A0ED00002059 /* SwiftySignals-macOS */,
				029D333D1D53A0EE00002059 /* SwiftySignalsTests-macOS */,
				025C2C361D57817000397638 /* SwiftySignals-iOS */,
				025C2C3F1D57817100397638 /* SwiftySignalsTests-iOS */,
				025C2C581D57836900397638 /* SwiftySignals-tvOS */,
				025C2C611D57836900397638 /* SwiftySignalsTests-tvOS */,
				025C2C771D5783FA00397638 /* SwiftySignals-watchOS */,
			);
		};
/* End PBXProject section */

/* Begin PBXResourcesBuildPhase section */
		025C2C351D57817000397638 /* Resources */ = {
			isa = PBXResourcesBuildPhase;
			buildActionMask = 2147483647;
			files = (
			);
			runOnlyForDeploymentPostprocessing = 0;
		};
		025C2C3E1D57817100397638 /* Resources */ = {
			isa = PBXResourcesBuildPhase;
			buildActionMask = 2147483647;
			files = (
			);
			runOnlyForDeploymentPostprocessing = 0;
		};
		025C2C571D57836900397638 /* Resources */ = {
			isa = PBXResourcesBuildPhase;
			buildActionMask = 2147483647;
			files = (
			);
			runOnlyForDeploymentPostprocessing = 0;
		};
		025C2C601D57836900397638 /* Resources */ = {
			isa = PBXResourcesBuildPhase;
			buildActionMask = 2147483647;
			files = (
			);
			runOnlyForDeploymentPostprocessing = 0;
		};
		025C2C761D5783FA00397638 /* Resources */ = {
			isa = PBXResourcesBuildPhase;
			buildActionMask = 2147483647;
			files = (
			);
			runOnlyForDeploymentPostprocessing = 0;
		};
		029D33321D53A0ED00002059 /* Resources */ = {
			isa = PBXResourcesBuildPhase;
			buildActionMask = 2147483647;
			files = (
			);
			runOnlyForDeploymentPostprocessing = 0;
		};
		029D333C1D53A0EE00002059 /* Resources */ = {
			isa = PBXResourcesBuildPhase;
			buildActionMask = 2147483647;
			files = (
			);
			runOnlyForDeploymentPostprocessing = 0;
		};
/* End PBXResourcesBuildPhase section */

/* Begin PBXSourcesBuildPhase section */
		025C2C321D57817000397638 /* Sources */ = {
			isa = PBXSourcesBuildPhase;
			buildActionMask = 2147483647;
			files = (
				02DF74DC1E6B37CE005F5136 /* DistinctModifier.swift in Sources */,
				02CA68D81E6388F0006518D6 /* WeakObserverRef.swift in Sources */,
				02CA68D91E6388F0006518D6 /* Signal.swift in Sources */,
				0252F2F01E5EBF57009F48D5 /* ModifierType.swift in Sources */,
				02389DD01E5C0BBA00A45D54 /* ObservableCollection.swift in Sources */,
				029D8EB11E56CBB500C2900D /* ModifierObservable.swift in Sources */,
				02B750C71E5E36E100DD8F3E /* ObservableSync.swift in Sources */,
				02D644CA1E64D9D1000C8A30 /* ThrottleModifier.swift in Sources */,
				029D8EB21E56CBB500C2900D /* MapModifier.swift in Sources */,
				029D8EB31E56CBB500C2900D /* ThenModifier.swift in Sources */,
				029D8EB41E56CBB500C2900D /* FilterModifier.swift in Sources */,
				029D8EB51E56CBB500C2900D /* Dispatch.swift in Sources */,
				029D8EB61E56CBB500C2900D /* Property.swift in Sources */,
				02D644C51E64ADB5000C8A30 /* DiscardModifier.swift in Sources */,
				029D8EB71E56CBB500C2900D /* AnyObserver.swift in Sources */,
				029D8EB81E56CBB500C2900D /* InstanceFunction.swift in Sources */,
				02D2721E1E6B6D1B00286843 /* DebounceModifier.swift in Sources */,
				02E2BF661E60DC17001CF696 /* TimerSignal.swift in Sources */,
				029D8EB91E56CBB500C2900D /* EndPoint.swift in Sources */,
				0204CB4F1E4FD7F1004AC3BE /* Observable.swift in Sources */,
				0204CB511E4FD7F1004AC3BE /* Forward.swift in Sources */,
				0299FDDC1E4FD1990078A602 /* ObservableType.swift in Sources */,
				0299FDDD1E4FD1990078A602 /* ObserverType.swift in Sources */,
			);
			runOnlyForDeploymentPostprocessing = 0;
		};
		025C2C3C1D57817100397638 /* Sources */ = {
			isa = PBXSourcesBuildPhase;
			buildActionMask = 2147483647;
			files = (
				02DF74E21E6B3840005F5136 /* DistinctModifierTests.swift in Sources */,
				02E2BF811E60DEE2001CF696 /* TimerSignalTests.swift in Sources */,
				021F95C71E669C0600A260FA /* DispatchTests.swift in Sources */,
				024535B81E5ABF2C006DA1DB /* PropertyTests.swift in Sources */,
				02D2721A1E6B6D0500286843 /* DebounceTests.swift in Sources */,
			);
			runOnlyForDeploymentPostprocessing = 0;
		};
		025C2C541D57836900397638 /* Sources */ = {
			isa = PBXSourcesBuildPhase;
			buildActionMask = 2147483647;
			files = (
				02DF74DD1E6B37D3005F5136 /* DistinctModifier.swift in Sources */,
				02CA68DA1E6388F6006518D6 /* WeakObserverRef.swift in Sources */,
				02CA68DB1E6388F6006518D6 /* Signal.swift in Sources */,
				0252F2F11E5EBF5B009F48D5 /* ModifierType.swift in Sources */,
				02389DD11E5C0BC000A45D54 /* ObservableCollection.swift in Sources */,
				029D8EBB1E56CBC100C2900D /* ModifierObservable.swift in Sources */,
				02B750C81E5E36E100DD8F3E /* ObservableSync.swift in Sources */,
				02D644CB1E64D9D1000C8A30 /* ThrottleModifier.swift in Sources */,
				029D8EBC1E56CBC100C2900D /* MapModifier.swift in Sources */,
				029D8EBD1E56CBC100C2900D /* ThenModifier.swift in Sources */,
				029D8EBE1E56CBC100C2900D /* FilterModifier.swift in Sources */,
				029D8EBF1E56CBC100C2900D /* Dispatch.swift in Sources */,
				029D8EC01E56CBC100C2900D /* Property.swift in Sources */,
				02D644C61E64ADB5000C8A30 /* DiscardModifier.swift in Sources */,
				029D8EC11E56CBC100C2900D /* AnyObserver.swift in Sources */,
				029D8EC21E56CBC100C2900D /* InstanceFunction.swift in Sources */,
				02D2721F1E6B6D1B00286843 /* DebounceModifier.swift in Sources */,
				02E2BF671E60DC17001CF696 /* TimerSignal.swift in Sources */,
				029D8EC31E56CBC100C2900D /* EndPoint.swift in Sources */,
				0204CB521E4FD7F8004AC3BE /* Observable.swift in Sources */,
				0204CB541E4FD7F8004AC3BE /* Forward.swift in Sources */,
				0299FDD81E4FD1930078A602 /* ObservableType.swift in Sources */,
				0299FDD91E4FD1930078A602 /* ObserverType.swift in Sources */,
			);
			runOnlyForDeploymentPostprocessing = 0;
		};
		025C2C5E1D57836900397638 /* Sources */ = {
			isa = PBXSourcesBuildPhase;
			buildActionMask = 2147483647;
			files = (
				02DF74E11E6B383A005F5136 /* DistinctModifierTests.swift in Sources */,
				02E2BF821E60DEE2001CF696 /* TimerSignalTests.swift in Sources */,
				021F95C81E669C0600A260FA /* DispatchTests.swift in Sources */,
				024535B91E5ABF33006DA1DB /* PropertyTests.swift in Sources */,
				02D2721B1E6B6D0500286843 /* DebounceTests.swift in Sources */,
			);
			runOnlyForDeploymentPostprocessing = 0;
		};
		025C2C731D5783FA00397638 /* Sources */ = {
			isa = PBXSourcesBuildPhase;
			buildActionMask = 2147483647;
			files = (
				02DF74DE1E6B37D8005F5136 /* DistinctModifier.swift in Sources */,
				02CA68DC1E6388FC006518D6 /* WeakObserverRef.swift in Sources */,
				02CA68DD1E6388FC006518D6 /* Signal.swift in Sources */,
				0252F2F21E5EBF60009F48D5 /* ModifierType.swift in Sources */,
				02389DD21E5C0BC800A45D54 /* ObservableCollection.swift in Sources */,
				029D8EC51E56CBC700C2900D /* ModifierObservable.swift in Sources */,
				02B750C91E5E36E100DD8F3E /* ObservableSync.swift in Sources */,
				02D644CC1E64D9D1000C8A30 /* ThrottleModifier.swift in Sources */,
				029D8EC61E56CBC700C2900D /* MapModifier.swift in Sources */,
				029D8EC71E56CBC700C2900D /* ThenModifier.swift in Sources */,
				029D8EC81E56CBC700C2900D /* FilterModifier.swift in Sources */,
				029D8EC91E56CBC700C2900D /* Dispatch.swift in Sources */,
				029D8ECA1E56CBC700C2900D /* Property.swift in Sources */,
				02D644C71E64ADB5000C8A30 /* DiscardModifier.swift in Sources */,
				029D8ECB1E56CBC700C2900D /* AnyObserver.swift in Sources */,
				029D8ECC1E56CBC700C2900D /* InstanceFunction.swift in Sources */,
				02D272201E6B6D1B00286843 /* DebounceModifier.swift in Sources */,
				02E2BF681E60DC17001CF696 /* TimerSignal.swift in Sources */,
				029D8ECD1E56CBC700C2900D /* EndPoint.swift in Sources */,
				0204CB551E4FD7FE004AC3BE /* Observable.swift in Sources */,
				0204CB571E4FD7FE004AC3BE /* Forward.swift in Sources */,
				0299FDD41E4FD18C0078A602 /* ObservableType.swift in Sources */,
				0299FDD51E4FD18C0078A602 /* ObserverType.swift in Sources */,
			);
			runOnlyForDeploymentPostprocessing = 0;
		};
		029D332F1D53A0ED00002059 /* Sources */ = {
			isa = PBXSourcesBuildPhase;
			buildActionMask = 2147483647;
			files = (
				0204CB6A1E526E9F004AC3BE /* Property.swift in Sources */,
				02195C131E52D6E5002B9EA2 /* AnyObserver.swift in Sources */,
				02B750C61E5E36E100DD8F3E /* ObservableSync.swift in Sources */,
				0236C3AB1E62D956003AD795 /* Signal.swift in Sources */,
				0204CB611E52559C004AC3BE /* MapModifier.swift in Sources */,
				02195C171E54FA8D002B9EA2 /* InstanceFunction.swift in Sources */,
				02D644C91E64D9D1000C8A30 /* ThrottleModifier.swift in Sources */,
				0204CB631E525698004AC3BE /* ThenModifier.swift in Sources */,
				0204CB651E5257BB004AC3BE /* FilterModifier.swift in Sources */,
				0299FDD11E4FCFEF0078A602 /* ObserverType.swift in Sources */,
				02CA68D71E637A78006518D6 /* WeakObserverRef.swift in Sources */,
				02DF74DB1E6B354E005F5136 /* DistinctModifier.swift in Sources */,
				0204CB5D1E518655004AC3BE /* ModifierObservable.swift in Sources */,
				02D644C41E64ADB5000C8A30 /* DiscardModifier.swift in Sources */,
				023F6FEF1E5B8B1E00181868 /* ObservableCollection.swift in Sources */,
				0299FDCF1E4FCFE20078A602 /* ObservableType.swift in Sources */,
				02D2721D1E6B6D1B00286843 /* DebounceModifier.swift in Sources */,
				02E2BF651E60DC17001CF696 /* TimerSignal.swift in Sources */,
				0204CB4E1E4FD7B9004AC3BE /* Forward.swift in Sources */,
				0204CB4A1E4FD6EE004AC3BE /* Observable.swift in Sources */,
				0204CB681E525848004AC3BE /* Dispatch.swift in Sources */,
				0252F2EF1E5EB4FB009F48D5 /* ModifierType.swift in Sources */,
				029D8EAD1E55855700C2900D /* EndPoint.swift in Sources */,
				02ADEC541E6CB8D00087A946 /* OwnerType.swift in Sources */,
			);
			runOnlyForDeploymentPostprocessing = 0;
		};
		029D333A1D53A0EE00002059 /* Sources */ = {
			isa = PBXSourcesBuildPhase;
			buildActionMask = 2147483647;
			files = (
				02DF74E31E6B3845005F5136 /* DistinctModifierTests.swift in Sources */,
				02E2BF801E60DEE2001CF696 /* TimerSignalTests.swift in Sources */,
				021F95C61E669C0600A260FA /* DispatchTests.swift in Sources */,
				024535B71E5ABF25006DA1DB /* PropertyTests.swift in Sources */,
				02D272191E6B6D0500286843 /* DebounceTests.swift in Sources */,
			);
			runOnlyForDeploymentPostprocessing = 0;
		};
/* End PBXSourcesBuildPhase section */

/* Begin PBXTargetDependency section */
		025C2C431D57817100397638 /* PBXTargetDependency */ = {
			isa = PBXTargetDependency;
			target = 025C2C361D57817000397638 /* SwiftySignals-iOS */;
			targetProxy = 025C2C421D57817100397638 /* PBXContainerItemProxy */;
		};
		025C2C651D57836900397638 /* PBXTargetDependency */ = {
			isa = PBXTargetDependency;
			target = 025C2C581D57836900397638 /* SwiftySignals-tvOS */;
			targetProxy = 025C2C641D57836900397638 /* PBXContainerItemProxy */;
		};
		029D33411D53A0EE00002059 /* PBXTargetDependency */ = {
			isa = PBXTargetDependency;
			target = 029D33331D53A0ED00002059 /* SwiftySignals-macOS */;
			targetProxy = 029D33401D53A0EE00002059 /* PBXContainerItemProxy */;
		};
/* End PBXTargetDependency section */

/* Begin XCBuildConfiguration section */
		025C2C491D57817100397638 /* Debug */ = {
			isa = XCBuildConfiguration;
			buildSettings = {
				"CODE_SIGN_IDENTITY[sdk=iphoneos*]" = "";
				DEFINES_MODULE = YES;
				DYLIB_COMPATIBILITY_VERSION = 1;
				DYLIB_CURRENT_VERSION = 1;
				DYLIB_INSTALL_NAME_BASE = "@rpath";
				INFOPLIST_FILE = Sources/Info.plist;
				INSTALL_PATH = "$(LOCAL_LIBRARY_DIR)/Frameworks";
				IPHONEOS_DEPLOYMENT_TARGET = 9.3;
				LD_RUNPATH_SEARCH_PATHS = "$(inherited) @executable_path/Frameworks @loader_path/Frameworks";
				PRODUCT_BUNDLE_IDENTIFIER = com.googlemail.mail.psturm.SwiftySignals;
				PRODUCT_NAME = SwiftySignals;
				SDKROOT = iphoneos;
				SKIP_INSTALL = YES;
				SWIFT_VERSION = 3.0;
				TARGETED_DEVICE_FAMILY = "1,2";
			};
			name = Debug;
		};
		025C2C4A1D57817100397638 /* Release */ = {
			isa = XCBuildConfiguration;
			buildSettings = {
				"CODE_SIGN_IDENTITY[sdk=iphoneos*]" = "";
				DEFINES_MODULE = YES;
				DYLIB_COMPATIBILITY_VERSION = 1;
				DYLIB_CURRENT_VERSION = 1;
				DYLIB_INSTALL_NAME_BASE = "@rpath";
				INFOPLIST_FILE = Sources/Info.plist;
				INSTALL_PATH = "$(LOCAL_LIBRARY_DIR)/Frameworks";
				IPHONEOS_DEPLOYMENT_TARGET = 9.3;
				LD_RUNPATH_SEARCH_PATHS = "$(inherited) @executable_path/Frameworks @loader_path/Frameworks";
				PRODUCT_BUNDLE_IDENTIFIER = com.googlemail.mail.psturm.SwiftySignals;
				PRODUCT_NAME = SwiftySignals;
				SDKROOT = iphoneos;
				SKIP_INSTALL = YES;
				SWIFT_VERSION = 3.0;
				TARGETED_DEVICE_FAMILY = "1,2";
				VALIDATE_PRODUCT = YES;
			};
			name = Release;
		};
		025C2C4C1D57817100397638 /* Debug */ = {
			isa = XCBuildConfiguration;
			buildSettings = {
				ALWAYS_EMBED_SWIFT_STANDARD_LIBRARIES = YES;
				CLANG_ENABLE_MODULES = YES;
				"CODE_SIGN_IDENTITY[sdk=iphoneos*]" = "iPhone Developer";
				INFOPLIST_FILE = Tests/Info.plist;
				IPHONEOS_DEPLOYMENT_TARGET = 9.3;
				LD_RUNPATH_SEARCH_PATHS = "$(inherited) @executable_path/Frameworks @loader_path/Frameworks";
				PRODUCT_BUNDLE_IDENTIFIER = com.googlemail.mail.psturm.SwiftySignalsTests;
				PRODUCT_NAME = "$(TARGET_NAME)";
				SDKROOT = iphoneos;
				SWIFT_OPTIMIZATION_LEVEL = "-Onone";
				SWIFT_VERSION = 3.0;
			};
			name = Debug;
		};
		025C2C4D1D57817100397638 /* Release */ = {
			isa = XCBuildConfiguration;
			buildSettings = {
				ALWAYS_EMBED_SWIFT_STANDARD_LIBRARIES = YES;
				CLANG_ENABLE_MODULES = YES;
				"CODE_SIGN_IDENTITY[sdk=iphoneos*]" = "iPhone Developer";
				INFOPLIST_FILE = Tests/Info.plist;
				IPHONEOS_DEPLOYMENT_TARGET = 9.3;
				LD_RUNPATH_SEARCH_PATHS = "$(inherited) @executable_path/Frameworks @loader_path/Frameworks";
				PRODUCT_BUNDLE_IDENTIFIER = com.googlemail.mail.psturm.SwiftySignalsTests;
				PRODUCT_NAME = "$(TARGET_NAME)";
				SDKROOT = iphoneos;
				SWIFT_VERSION = 3.0;
				VALIDATE_PRODUCT = YES;
			};
			name = Release;
		};
		025C2C6B1D57836900397638 /* Debug */ = {
			isa = XCBuildConfiguration;
			buildSettings = {
				"CODE_SIGN_IDENTITY[sdk=appletvos*]" = "";
				DEFINES_MODULE = YES;
				DYLIB_COMPATIBILITY_VERSION = 1;
				DYLIB_CURRENT_VERSION = 1;
				DYLIB_INSTALL_NAME_BASE = "@rpath";
				INFOPLIST_FILE = Sources/Info.plist;
				INSTALL_PATH = "$(LOCAL_LIBRARY_DIR)/Frameworks";
				LD_RUNPATH_SEARCH_PATHS = "$(inherited) @executable_path/Frameworks @loader_path/Frameworks";
				PRODUCT_BUNDLE_IDENTIFIER = com.googlemail.mail.psturm.SwiftySignals;
				PRODUCT_NAME = SwiftySignals;
				SDKROOT = appletvos;
				SKIP_INSTALL = YES;
				SWIFT_VERSION = 3.0;
				TARGETED_DEVICE_FAMILY = 3;
				TVOS_DEPLOYMENT_TARGET = 9.2;
			};
			name = Debug;
		};
		025C2C6C1D57836900397638 /* Release */ = {
			isa = XCBuildConfiguration;
			buildSettings = {
				"CODE_SIGN_IDENTITY[sdk=appletvos*]" = "";
				DEFINES_MODULE = YES;
				DYLIB_COMPATIBILITY_VERSION = 1;
				DYLIB_CURRENT_VERSION = 1;
				DYLIB_INSTALL_NAME_BASE = "@rpath";
				INFOPLIST_FILE = Sources/Info.plist;
				INSTALL_PATH = "$(LOCAL_LIBRARY_DIR)/Frameworks";
				LD_RUNPATH_SEARCH_PATHS = "$(inherited) @executable_path/Frameworks @loader_path/Frameworks";
				PRODUCT_BUNDLE_IDENTIFIER = com.googlemail.mail.psturm.SwiftySignals;
				PRODUCT_NAME = SwiftySignals;
				SDKROOT = appletvos;
				SKIP_INSTALL = YES;
				SWIFT_VERSION = 3.0;
				TARGETED_DEVICE_FAMILY = 3;
				TVOS_DEPLOYMENT_TARGET = 9.2;
				VALIDATE_PRODUCT = YES;
			};
			name = Release;
		};
		025C2C6E1D57836900397638 /* Debug */ = {
			isa = XCBuildConfiguration;
			buildSettings = {
				ALWAYS_EMBED_SWIFT_STANDARD_LIBRARIES = YES;
				CLANG_ENABLE_MODULES = YES;
				INFOPLIST_FILE = Tests/Info.plist;
				LD_RUNPATH_SEARCH_PATHS = "$(inherited) @executable_path/Frameworks @loader_path/Frameworks";
				PRODUCT_BUNDLE_IDENTIFIER = com.googlemail.mail.psturm.SwiftySignalsTests;
				PRODUCT_NAME = "$(TARGET_NAME)";
				SDKROOT = appletvos;
				SWIFT_OPTIMIZATION_LEVEL = "-Onone";
				SWIFT_VERSION = 3.0;
				TVOS_DEPLOYMENT_TARGET = 9.2;
			};
			name = Debug;
		};
		025C2C6F1D57836900397638 /* Release */ = {
			isa = XCBuildConfiguration;
			buildSettings = {
				ALWAYS_EMBED_SWIFT_STANDARD_LIBRARIES = YES;
				CLANG_ENABLE_MODULES = YES;
				INFOPLIST_FILE = Tests/Info.plist;
				LD_RUNPATH_SEARCH_PATHS = "$(inherited) @executable_path/Frameworks @loader_path/Frameworks";
				PRODUCT_BUNDLE_IDENTIFIER = com.googlemail.mail.psturm.SwiftySignalsTests;
				PRODUCT_NAME = "$(TARGET_NAME)";
				SDKROOT = appletvos;
				SWIFT_VERSION = 3.0;
				TVOS_DEPLOYMENT_TARGET = 9.2;
				VALIDATE_PRODUCT = YES;
			};
			name = Release;
		};
		025C2C7E1D5783FB00397638 /* Debug */ = {
			isa = XCBuildConfiguration;
			buildSettings = {
				APPLICATION_EXTENSION_API_ONLY = YES;
				"CODE_SIGN_IDENTITY[sdk=watchos*]" = "";
				DEFINES_MODULE = YES;
				DYLIB_COMPATIBILITY_VERSION = 1;
				DYLIB_CURRENT_VERSION = 1;
				DYLIB_INSTALL_NAME_BASE = "@rpath";
				INFOPLIST_FILE = Sources/Info.plist;
				INSTALL_PATH = "$(LOCAL_LIBRARY_DIR)/Frameworks";
				LD_RUNPATH_SEARCH_PATHS = "$(inherited) @executable_path/Frameworks @loader_path/Frameworks";
				PRODUCT_BUNDLE_IDENTIFIER = com.googlemail.mail.psturm.SwiftySignals;
				PRODUCT_NAME = SwiftySignals;
				SDKROOT = watchos;
				SKIP_INSTALL = YES;
				SWIFT_VERSION = 3.0;
				TARGETED_DEVICE_FAMILY = 4;
				WATCHOS_DEPLOYMENT_TARGET = 2.2;
			};
			name = Debug;
		};
		025C2C7F1D5783FB00397638 /* Release */ = {
			isa = XCBuildConfiguration;
			buildSettings = {
				APPLICATION_EXTENSION_API_ONLY = YES;
				"CODE_SIGN_IDENTITY[sdk=watchos*]" = "";
				DEFINES_MODULE = YES;
				DYLIB_COMPATIBILITY_VERSION = 1;
				DYLIB_CURRENT_VERSION = 1;
				DYLIB_INSTALL_NAME_BASE = "@rpath";
				INFOPLIST_FILE = Sources/Info.plist;
				INSTALL_PATH = "$(LOCAL_LIBRARY_DIR)/Frameworks";
				LD_RUNPATH_SEARCH_PATHS = "$(inherited) @executable_path/Frameworks @loader_path/Frameworks";
				PRODUCT_BUNDLE_IDENTIFIER = com.googlemail.mail.psturm.SwiftySignals;
				PRODUCT_NAME = SwiftySignals;
				SDKROOT = watchos;
				SKIP_INSTALL = YES;
				SWIFT_VERSION = 3.0;
				TARGETED_DEVICE_FAMILY = 4;
				VALIDATE_PRODUCT = YES;
				WATCHOS_DEPLOYMENT_TARGET = 2.2;
			};
			name = Release;
		};
		029D33461D53A0EE00002059 /* Debug */ = {
			isa = XCBuildConfiguration;
			buildSettings = {
				ALWAYS_SEARCH_USER_PATHS = NO;
				CLANG_ANALYZER_NONNULL = YES;
				CLANG_CXX_LANGUAGE_STANDARD = "gnu++0x";
				CLANG_CXX_LIBRARY = "libc++";
				CLANG_ENABLE_MODULES = YES;
				CLANG_ENABLE_OBJC_ARC = YES;
				CLANG_WARN_BOOL_CONVERSION = YES;
				CLANG_WARN_CONSTANT_CONVERSION = YES;
				CLANG_WARN_DIRECT_OBJC_ISA_USAGE = YES_ERROR;
				CLANG_WARN_EMPTY_BODY = YES;
				CLANG_WARN_ENUM_CONVERSION = YES;
				CLANG_WARN_INFINITE_RECURSION = YES;
				CLANG_WARN_INT_CONVERSION = YES;
				CLANG_WARN_OBJC_ROOT_CLASS = YES_ERROR;
				CLANG_WARN_SUSPICIOUS_MOVE = YES;
				CLANG_WARN_UNREACHABLE_CODE = YES;
				CLANG_WARN__DUPLICATE_METHOD_MATCH = YES;
				CODE_SIGN_IDENTITY = "-";
				COPY_PHASE_STRIP = NO;
				CURRENT_PROJECT_VERSION = 1;
				DEBUG_INFORMATION_FORMAT = dwarf;
				ENABLE_STRICT_OBJC_MSGSEND = YES;
				ENABLE_TESTABILITY = YES;
				GCC_C_LANGUAGE_STANDARD = gnu99;
				GCC_DYNAMIC_NO_PIC = NO;
				GCC_NO_COMMON_BLOCKS = YES;
				GCC_OPTIMIZATION_LEVEL = 0;
				GCC_PREPROCESSOR_DEFINITIONS = (
					"DEBUG=1",
					"$(inherited)",
				);
				GCC_WARN_64_TO_32_BIT_CONVERSION = YES;
				GCC_WARN_ABOUT_RETURN_TYPE = YES_ERROR;
				GCC_WARN_UNDECLARED_SELECTOR = YES;
				GCC_WARN_UNINITIALIZED_AUTOS = YES_AGGRESSIVE;
				GCC_WARN_UNUSED_FUNCTION = YES;
				GCC_WARN_UNUSED_VARIABLE = YES;
				MACOSX_DEPLOYMENT_TARGET = 10.12;
				MTL_ENABLE_DEBUG_INFO = YES;
				ONLY_ACTIVE_ARCH = YES;
				SDKROOT = macosx;
				SWIFT_OPTIMIZATION_LEVEL = "-Onone";
				VERSIONING_SYSTEM = "apple-generic";
				VERSION_INFO_PREFIX = "";
			};
			name = Debug;
		};
		029D33471D53A0EE00002059 /* Release */ = {
			isa = XCBuildConfiguration;
			buildSettings = {
				ALWAYS_SEARCH_USER_PATHS = NO;
				CLANG_ANALYZER_NONNULL = YES;
				CLANG_CXX_LANGUAGE_STANDARD = "gnu++0x";
				CLANG_CXX_LIBRARY = "libc++";
				CLANG_ENABLE_MODULES = YES;
				CLANG_ENABLE_OBJC_ARC = YES;
				CLANG_WARN_BOOL_CONVERSION = YES;
				CLANG_WARN_CONSTANT_CONVERSION = YES;
				CLANG_WARN_DIRECT_OBJC_ISA_USAGE = YES_ERROR;
				CLANG_WARN_EMPTY_BODY = YES;
				CLANG_WARN_ENUM_CONVERSION = YES;
				CLANG_WARN_INFINITE_RECURSION = YES;
				CLANG_WARN_INT_CONVERSION = YES;
				CLANG_WARN_OBJC_ROOT_CLASS = YES_ERROR;
				CLANG_WARN_SUSPICIOUS_MOVE = YES;
				CLANG_WARN_UNREACHABLE_CODE = YES;
				CLANG_WARN__DUPLICATE_METHOD_MATCH = YES;
				CODE_SIGN_IDENTITY = "-";
				COPY_PHASE_STRIP = NO;
				CURRENT_PROJECT_VERSION = 1;
				DEBUG_INFORMATION_FORMAT = "dwarf-with-dsym";
				ENABLE_NS_ASSERTIONS = NO;
				ENABLE_STRICT_OBJC_MSGSEND = YES;
				GCC_C_LANGUAGE_STANDARD = gnu99;
				GCC_NO_COMMON_BLOCKS = YES;
				GCC_WARN_64_TO_32_BIT_CONVERSION = YES;
				GCC_WARN_ABOUT_RETURN_TYPE = YES_ERROR;
				GCC_WARN_UNDECLARED_SELECTOR = YES;
				GCC_WARN_UNINITIALIZED_AUTOS = YES_AGGRESSIVE;
				GCC_WARN_UNUSED_FUNCTION = YES;
				GCC_WARN_UNUSED_VARIABLE = YES;
				MACOSX_DEPLOYMENT_TARGET = 10.12;
				MTL_ENABLE_DEBUG_INFO = NO;
				SDKROOT = macosx;
				SWIFT_OPTIMIZATION_LEVEL = "-Owholemodule";
				VERSIONING_SYSTEM = "apple-generic";
				VERSION_INFO_PREFIX = "";
			};
			name = Release;
		};
		029D33491D53A0EE00002059 /* Debug */ = {
			isa = XCBuildConfiguration;
			buildSettings = {
				CLANG_ENABLE_MODULES = YES;
				CODE_SIGN_IDENTITY = "";
				COMBINE_HIDPI_IMAGES = YES;
				DEFINES_MODULE = YES;
				DYLIB_COMPATIBILITY_VERSION = 1;
				DYLIB_CURRENT_VERSION = 1;
				DYLIB_INSTALL_NAME_BASE = "@rpath";
				FRAMEWORK_VERSION = A;
				INFOPLIST_FILE = Sources/Info.plist;
				INSTALL_PATH = "$(LOCAL_LIBRARY_DIR)/Frameworks";
				LD_RUNPATH_SEARCH_PATHS = "$(inherited) @executable_path/../Frameworks @loader_path/Frameworks";
				PRODUCT_BUNDLE_IDENTIFIER = com.googlemail.mail.psturm.SwiftySignals;
				PRODUCT_NAME = SwiftySignals;
				SKIP_INSTALL = YES;
				SWIFT_OPTIMIZATION_LEVEL = "-Onone";
				SWIFT_VERSION = 3.0;
			};
			name = Debug;
		};
		029D334A1D53A0EE00002059 /* Release */ = {
			isa = XCBuildConfiguration;
			buildSettings = {
				CLANG_ENABLE_MODULES = YES;
				CODE_SIGN_IDENTITY = "";
				COMBINE_HIDPI_IMAGES = YES;
				DEFINES_MODULE = YES;
				DYLIB_COMPATIBILITY_VERSION = 1;
				DYLIB_CURRENT_VERSION = 1;
				DYLIB_INSTALL_NAME_BASE = "@rpath";
				FRAMEWORK_VERSION = A;
				INFOPLIST_FILE = Sources/Info.plist;
				INSTALL_PATH = "$(LOCAL_LIBRARY_DIR)/Frameworks";
				LD_RUNPATH_SEARCH_PATHS = "$(inherited) @executable_path/../Frameworks @loader_path/Frameworks";
				PRODUCT_BUNDLE_IDENTIFIER = com.googlemail.mail.psturm.SwiftySignals;
				PRODUCT_NAME = SwiftySignals;
				SKIP_INSTALL = YES;
				SWIFT_VERSION = 3.0;
			};
			name = Release;
		};
		029D334C1D53A0EE00002059 /* Debug */ = {
			isa = XCBuildConfiguration;
			buildSettings = {
				ALWAYS_EMBED_SWIFT_STANDARD_LIBRARIES = YES;
				CLANG_ENABLE_MODULES = YES;
				COMBINE_HIDPI_IMAGES = YES;
				INFOPLIST_FILE = Tests/Info.plist;
				LD_RUNPATH_SEARCH_PATHS = "$(inherited) @executable_path/../Frameworks @loader_path/../Frameworks";
				PRODUCT_BUNDLE_IDENTIFIER = com.googlemail.mail.psturm.SwiftySignalsTests;
				PRODUCT_NAME = "$(TARGET_NAME)";
				SWIFT_OPTIMIZATION_LEVEL = "-Onone";
				SWIFT_VERSION = 3.0;
			};
			name = Debug;
		};
		029D334D1D53A0EE00002059 /* Release */ = {
			isa = XCBuildConfiguration;
			buildSettings = {
				ALWAYS_EMBED_SWIFT_STANDARD_LIBRARIES = YES;
				CLANG_ENABLE_MODULES = YES;
				COMBINE_HIDPI_IMAGES = YES;
				INFOPLIST_FILE = Tests/Info.plist;
				LD_RUNPATH_SEARCH_PATHS = "$(inherited) @executable_path/../Frameworks @loader_path/../Frameworks";
				PRODUCT_BUNDLE_IDENTIFIER = com.googlemail.mail.psturm.SwiftySignalsTests;
				PRODUCT_NAME = "$(TARGET_NAME)";
				SWIFT_VERSION = 3.0;
			};
			name = Release;
		};
/* End XCBuildConfiguration section */

/* Begin XCConfigurationList section */
		025C2C481D57817100397638 /* Build configuration list for PBXNativeTarget "SwiftySignals-iOS" */ = {
			isa = XCConfigurationList;
			buildConfigurations = (
				025C2C491D57817100397638 /* Debug */,
				025C2C4A1D57817100397638 /* Release */,
			);
			defaultConfigurationIsVisible = 0;
			defaultConfigurationName = Release;
		};
		025C2C4B1D57817100397638 /* Build configuration list for PBXNativeTarget "SwiftySignalsTests-iOS" */ = {
			isa = XCConfigurationList;
			buildConfigurations = (
				025C2C4C1D57817100397638 /* Debug */,
				025C2C4D1D57817100397638 /* Release */,
			);
			defaultConfigurationIsVisible = 0;
			defaultConfigurationName = Release;
		};
		025C2C6A1D57836900397638 /* Build configuration list for PBXNativeTarget "SwiftySignals-tvOS" */ = {
			isa = XCConfigurationList;
			buildConfigurations = (
				025C2C6B1D57836900397638 /* Debug */,
				025C2C6C1D57836900397638 /* Release */,
			);
			defaultConfigurationIsVisible = 0;
			defaultConfigurationName = Release;
		};
		025C2C6D1D57836900397638 /* Build configuration list for PBXNativeTarget "SwiftySignalsTests-tvOS" */ = {
			isa = XCConfigurationList;
			buildConfigurations = (
				025C2C6E1D57836900397638 /* Debug */,
				025C2C6F1D57836900397638 /* Release */,
			);
			defaultConfigurationIsVisible = 0;
			defaultConfigurationName = Release;
		};
		025C2C7D1D5783FB00397638 /* Build configuration list for PBXNativeTarget "SwiftySignals-watchOS" */ = {
			isa = XCConfigurationList;
			buildConfigurations = (
				025C2C7E1D5783FB00397638 /* Debug */,
				025C2C7F1D5783FB00397638 /* Release */,
			);
			defaultConfigurationIsVisible = 0;
			defaultConfigurationName = Release;
		};
		029D332E1D53A0ED00002059 /* Build configuration list for PBXProject "SwiftySignals" */ = {
			isa = XCConfigurationList;
			buildConfigurations = (
				029D33461D53A0EE00002059 /* Debug */,
				029D33471D53A0EE00002059 /* Release */,
			);
			defaultConfigurationIsVisible = 0;
			defaultConfigurationName = Release;
		};
		029D33481D53A0EE00002059 /* Build configuration list for PBXNativeTarget "SwiftySignals-macOS" */ = {
			isa = XCConfigurationList;
			buildConfigurations = (
				029D33491D53A0EE00002059 /* Debug */,
				029D334A1D53A0EE00002059 /* Release */,
			);
			defaultConfigurationIsVisible = 0;
			defaultConfigurationName = Release;
		};
		029D334B1D53A0EE00002059 /* Build configuration list for PBXNativeTarget "SwiftySignalsTests-macOS" */ = {
			isa = XCConfigurationList;
			buildConfigurations = (
				029D334C1D53A0EE00002059 /* Debug */,
				029D334D1D53A0EE00002059 /* Release */,
			);
			defaultConfigurationIsVisible = 0;
			defaultConfigurationName = Release;
		};
/* End XCConfigurationList section */
	};
	rootObject = 029D332B1D53A0ED00002059 /* Project object */;
}
